// !$*UTF8*$!
{
	archiveVersion = 1;
	classes = {
	};
	objectVersion = 55;
	objects = {

/* Begin PBXBuildFile section */
		14CD04672886A0A40062AFF1 /* FriendListViewController.swift in Sources */ = {isa = PBXBuildFile; fileRef = 14CD04662886A0A40062AFF1 /* FriendListViewController.swift */; };
		14CD04692886A0D50062AFF1 /* FriendListViewCell.swift in Sources */ = {isa = PBXBuildFile; fileRef = 14CD04682886A0D50062AFF1 /* FriendListViewCell.swift */; };
		37F1FA162887ABCE009FB2DA /* RecommendFarmViewController.swift in Sources */ = {isa = PBXBuildFile; fileRef = 37F1FA152887ABCE009FB2DA /* RecommendFarmViewController.swift */; };
		37F1FA182887AC6D009FB2DA /* InputSection.swift in Sources */ = {isa = PBXBuildFile; fileRef = 37F1FA172887AC6D009FB2DA /* InputSection.swift */; };
		452609A0288685AC00C12279 /* RecommendToFriendViewController.swift in Sources */ = {isa = PBXBuildFile; fileRef = 4526099F288685AC00C12279 /* RecommendToFriendViewController.swift */; };
		7605A0022885381400D66F41 /* MainTabBarViewController.swift in Sources */ = {isa = PBXBuildFile; fileRef = 7605A0012885381400D66F41 /* MainTabBarViewController.swift */; };
		7605A0042885383000D66F41 /* HomeViewController.swift in Sources */ = {isa = PBXBuildFile; fileRef = 7605A0032885383000D66F41 /* HomeViewController.swift */; };
		7605A0062885383D00D66F41 /* MyPageViewController.swift in Sources */ = {isa = PBXBuildFile; fileRef = 7605A0052885383D00D66F41 /* MyPageViewController.swift */; };
		7605A00B2885703F00D66F41 /* Color+Extension.swift in Sources */ = {isa = PBXBuildFile; fileRef = 7605A00A2885703F00D66F41 /* Color+Extension.swift */; };
		7605A01C28878EA700D66F41 /* NSMutableAttributedString+Extension.swift in Sources */ = {isa = PBXBuildFile; fileRef = 7605A01B28878EA700D66F41 /* NSMutableAttributedString+Extension.swift */; };
		7605A023288974E500D66F41 /* UIButton+Extension.swift in Sources */ = {isa = PBXBuildFile; fileRef = 7605A022288974E500D66F41 /* UIButton+Extension.swift */; };
		7605A0252889833F00D66F41 /* EmptyButtonCollectionViewCell.swift in Sources */ = {isa = PBXBuildFile; fileRef = 7605A0242889833F00D66F41 /* EmptyButtonCollectionViewCell.swift */; };

		764504E0287FB0D30048B3F0 /* AppDelegate.swift in Sources */ = {isa = PBXBuildFile; fileRef = 764504DF287FB0D30048B3F0 /* AppDelegate.swift */; };
		764504E2287FB0D30048B3F0 /* SceneDelegate.swift in Sources */ = {isa = PBXBuildFile; fileRef = 764504E1287FB0D30048B3F0 /* SceneDelegate.swift */; };
		764504E7287FB0D30048B3F0 /* Main.storyboard in Resources */ = {isa = PBXBuildFile; fileRef = 764504E5287FB0D30048B3F0 /* Main.storyboard */; };
		764504E9287FB0D50048B3F0 /* Assets.xcassets in Resources */ = {isa = PBXBuildFile; fileRef = 764504E8287FB0D50048B3F0 /* Assets.xcassets */; };
		764504EC287FB0D50048B3F0 /* LaunchScreen.storyboard in Resources */ = {isa = PBXBuildFile; fileRef = 764504EA287FB0D50048B3F0 /* LaunchScreen.storyboard */; };
		CB74DEAF288649A9004AD24E /* FarmCollectionViewCell.swift in Sources */ = {isa = PBXBuildFile; fileRef = CB74DEAE288649A9004AD24E /* FarmCollectionViewCell.swift */; };
		CBBAA62F28878639007E77C0 /* FruitListView.swift in Sources */ = {isa = PBXBuildFile; fileRef = CBBAA62E28878639007E77C0 /* FruitListView.swift */; };
		CBBAA6312887868E007E77C0 /* FruitCollectionViewCell.swift in Sources */ = {isa = PBXBuildFile; fileRef = CBBAA6302887868E007E77C0 /* FruitCollectionViewCell.swift */; };
		DDF625A02886D435008E441D /* DetailViewController.swift in Sources */ = {isa = PBXBuildFile; fileRef = DDF6259F2886D435008E441D /* DetailViewController.swift */; };
/* End PBXBuildFile section */

/* Begin PBXFileReference section */
		14CD04662886A0A40062AFF1 /* FriendListViewController.swift */ = {isa = PBXFileReference; lastKnownFileType = sourcecode.swift; path = FriendListViewController.swift; sourceTree = "<group>"; };
		14CD04682886A0D50062AFF1 /* FriendListViewCell.swift */ = {isa = PBXFileReference; lastKnownFileType = sourcecode.swift; path = FriendListViewCell.swift; sourceTree = "<group>"; };
		37F1FA152887ABCE009FB2DA /* RecommendFarmViewController.swift */ = {isa = PBXFileReference; lastKnownFileType = sourcecode.swift; path = RecommendFarmViewController.swift; sourceTree = "<group>"; };
		37F1FA172887AC6D009FB2DA /* InputSection.swift */ = {isa = PBXFileReference; lastKnownFileType = sourcecode.swift; path = InputSection.swift; sourceTree = "<group>"; };
		4526099F288685AC00C12279 /* RecommendToFriendViewController.swift */ = {isa = PBXFileReference; lastKnownFileType = sourcecode.swift; path = RecommendToFriendViewController.swift; sourceTree = "<group>"; };
		76059FFE2884D17D00D66F41 /* .swiftlint.yml */ = {isa = PBXFileReference; lastKnownFileType = text.yaml; path = .swiftlint.yml; sourceTree = "<group>"; };
		7605A0012885381400D66F41 /* MainTabBarViewController.swift */ = {isa = PBXFileReference; lastKnownFileType = sourcecode.swift; path = MainTabBarViewController.swift; sourceTree = "<group>"; };
		7605A0032885383000D66F41 /* HomeViewController.swift */ = {isa = PBXFileReference; lastKnownFileType = sourcecode.swift; path = HomeViewController.swift; sourceTree = "<group>"; };
		7605A0052885383D00D66F41 /* MyPageViewController.swift */ = {isa = PBXFileReference; lastKnownFileType = sourcecode.swift; path = MyPageViewController.swift; sourceTree = "<group>"; };
		7605A00A2885703F00D66F41 /* Color+Extension.swift */ = {isa = PBXFileReference; lastKnownFileType = sourcecode.swift; path = "Color+Extension.swift"; sourceTree = "<group>"; };
		7605A01B28878EA700D66F41 /* NSMutableAttributedString+Extension.swift */ = {isa = PBXFileReference; lastKnownFileType = sourcecode.swift; path = "NSMutableAttributedString+Extension.swift"; sourceTree = "<group>"; };
		7605A022288974E500D66F41 /* UIButton+Extension.swift */ = {isa = PBXFileReference; lastKnownFileType = sourcecode.swift; path = "UIButton+Extension.swift"; sourceTree = "<group>"; };
		7605A0242889833F00D66F41 /* EmptyButtonCollectionViewCell.swift */ = {isa = PBXFileReference; lastKnownFileType = sourcecode.swift; path = EmptyButtonCollectionViewCell.swift; sourceTree = "<group>"; };
		764504DC287FB0D30048B3F0 /* Gwayeon.app */ = {isa = PBXFileReference; explicitFileType = wrapper.application; includeInIndex = 0; path = Gwayeon.app; sourceTree = BUILT_PRODUCTS_DIR; };
		764504DF287FB0D30048B3F0 /* AppDelegate.swift */ = {isa = PBXFileReference; lastKnownFileType = sourcecode.swift; path = AppDelegate.swift; sourceTree = "<group>"; };
		764504E1287FB0D30048B3F0 /* SceneDelegate.swift */ = {isa = PBXFileReference; lastKnownFileType = sourcecode.swift; path = SceneDelegate.swift; sourceTree = "<group>"; };
		764504E6287FB0D30048B3F0 /* Base */ = {isa = PBXFileReference; lastKnownFileType = file.storyboard; name = Base; path = Base.lproj/Main.storyboard; sourceTree = "<group>"; };
		764504E8287FB0D50048B3F0 /* Assets.xcassets */ = {isa = PBXFileReference; lastKnownFileType = folder.assetcatalog; path = Assets.xcassets; sourceTree = "<group>"; };
		764504EB287FB0D50048B3F0 /* Base */ = {isa = PBXFileReference; lastKnownFileType = file.storyboard; name = Base; path = Base.lproj/LaunchScreen.storyboard; sourceTree = "<group>"; };
		764504ED287FB0D50048B3F0 /* Info.plist */ = {isa = PBXFileReference; lastKnownFileType = text.plist.xml; path = Info.plist; sourceTree = "<group>"; };
		CB74DEAE288649A9004AD24E /* FarmCollectionViewCell.swift */ = {isa = PBXFileReference; lastKnownFileType = sourcecode.swift; path = FarmCollectionViewCell.swift; sourceTree = "<group>"; };
		CBBAA62E28878639007E77C0 /* FruitListView.swift */ = {isa = PBXFileReference; lastKnownFileType = sourcecode.swift; path = FruitListView.swift; sourceTree = "<group>"; };
		CBBAA6302887868E007E77C0 /* FruitCollectionViewCell.swift */ = {isa = PBXFileReference; lastKnownFileType = sourcecode.swift; path = FruitCollectionViewCell.swift; sourceTree = "<group>"; };
		DDF6259F2886D435008E441D /* DetailViewController.swift */ = {isa = PBXFileReference; lastKnownFileType = sourcecode.swift; path = DetailViewController.swift; sourceTree = "<group>"; };
/* End PBXFileReference section */

/* Begin PBXFrameworksBuildPhase section */
		764504D9287FB0D30048B3F0 /* Frameworks */ = {
			isa = PBXFrameworksBuildPhase;
			buildActionMask = 2147483647;
			files = (
			);
			runOnlyForDeploymentPostprocessing = 0;
		};
/* End PBXFrameworksBuildPhase section */

/* Begin PBXGroup section */
		14CD04652886A04C0062AFF1 /* FriendList */ = {
			isa = PBXGroup;
			children = (
				14CD04662886A0A40062AFF1 /* FriendListViewController.swift */,
				14CD04682886A0D50062AFF1 /* FriendListViewCell.swift */,
			);
			path = FriendList;
			sourceTree = "<group>";
		};
		7605A000288537CA00D66F41 /* Controllers */ = {
			isa = PBXGroup;
			children = (
				7605A0012885381400D66F41 /* MainTabBarViewController.swift */,
				7605A0032885383000D66F41 /* HomeViewController.swift */,
				7605A0052885383D00D66F41 /* MyPageViewController.swift */,
				DDF6259F2886D435008E441D /* DetailViewController.swift */,
				CB74DEAE288649A9004AD24E /* FarmCollectionViewCell.swift */,
				CBBAA62E28878639007E77C0 /* FruitListView.swift */,
				CBBAA6302887868E007E77C0 /* FruitCollectionViewCell.swift */,
				7605A0242889833F00D66F41 /* EmptyButtonCollectionViewCell.swift */,
			);
			path = Controllers;
			sourceTree = "<group>";
		};
		7605A00728856C6100D66F41 /* Globals */ = {
			isa = PBXGroup;
			children = (
				7605A00928856F7A00D66F41 /* Resources */,
				7605A00828856F4F00D66F41 /* Extension */,
			);
			path = Globals;
			sourceTree = "<group>";
		};
		7605A00828856F4F00D66F41 /* Extension */ = {
			isa = PBXGroup;
			children = (
				7605A00A2885703F00D66F41 /* Color+Extension.swift */,
				7605A01B28878EA700D66F41 /* NSMutableAttributedString+Extension.swift */,
				7605A022288974E500D66F41 /* UIButton+Extension.swift */,
			);
			path = Extension;
			sourceTree = "<group>";
		};
		7605A00928856F7A00D66F41 /* Resources */ = {
			isa = PBXGroup;
			children = (
				764504E8287FB0D50048B3F0 /* Assets.xcassets */,
			);
			path = Resources;
			sourceTree = "<group>";
		};
		764504D3287FB0D30048B3F0 = {
			isa = PBXGroup;
			children = (
				76059FFE2884D17D00D66F41 /* .swiftlint.yml */,
				764504DE287FB0D30048B3F0 /* Gwayeon */,
				764504DD287FB0D30048B3F0 /* Products */,
			);
			sourceTree = "<group>";
		};
		764504DD287FB0D30048B3F0 /* Products */ = {
			isa = PBXGroup;
			children = (
				764504DC287FB0D30048B3F0 /* Gwayeon.app */,
			);
			name = Products;
			sourceTree = "<group>";
		};
		764504DE287FB0D30048B3F0 /* Gwayeon */ = {
			isa = PBXGroup;
			children = (
				14CD04652886A04C0062AFF1 /* FriendList */,
				7605A00728856C6100D66F41 /* Globals */,
				7605A000288537CA00D66F41 /* Controllers */,
				764504DF287FB0D30048B3F0 /* AppDelegate.swift */,
				764504E1287FB0D30048B3F0 /* SceneDelegate.swift */,
				764504E5287FB0D30048B3F0 /* Main.storyboard */,
				764504EA287FB0D50048B3F0 /* LaunchScreen.storyboard */,
				764504ED287FB0D50048B3F0 /* Info.plist */,
				37F1FA152887ABCE009FB2DA /* RecommendFarmViewController.swift */,
				37F1FA172887AC6D009FB2DA /* InputSection.swift */,
				4526099F288685AC00C12279 /* RecommendToFriendViewController.swift */,
			);
			path = Gwayeon;
			sourceTree = "<group>";
		};
/* End PBXGroup section */

/* Begin PBXNativeTarget section */
		764504DB287FB0D30048B3F0 /* Gwayeon */ = {
			isa = PBXNativeTarget;
			buildConfigurationList = 764504F0287FB0D50048B3F0 /* Build configuration list for PBXNativeTarget "Gwayeon" */;
			buildPhases = (
				764504D8287FB0D30048B3F0 /* Sources */,
				764504D9287FB0D30048B3F0 /* Frameworks */,
				764504DA287FB0D30048B3F0 /* Resources */,
				76059FFF2884D25E00D66F41 /* ShellScript */,
			);
			buildRules = (
			);
			dependencies = (
			);
			name = Gwayeon;
			productName = Gwayeon;
			productReference = 764504DC287FB0D30048B3F0 /* Gwayeon.app */;
			productType = "com.apple.product-type.application";
		};
/* End PBXNativeTarget section */

/* Begin PBXProject section */
		764504D4287FB0D30048B3F0 /* Project object */ = {
			isa = PBXProject;
			attributes = {
				BuildIndependentTargetsInParallel = 1;
				LastSwiftUpdateCheck = 1330;
				LastUpgradeCheck = 1330;
				TargetAttributes = {
					764504DB287FB0D30048B3F0 = {
						CreatedOnToolsVersion = 13.3.1;
					};
				};
			};
			buildConfigurationList = 764504D7287FB0D30048B3F0 /* Build configuration list for PBXProject "Gwayeon" */;
			compatibilityVersion = "Xcode 13.0";
			developmentRegion = en;
			hasScannedForEncodings = 0;
			knownRegions = (
				en,
				Base,
			);
			mainGroup = 764504D3287FB0D30048B3F0;
			productRefGroup = 764504DD287FB0D30048B3F0 /* Products */;
			projectDirPath = "";
			projectRoot = "";
			targets = (
				764504DB287FB0D30048B3F0 /* Gwayeon */,
			);
		};
/* End PBXProject section */

/* Begin PBXResourcesBuildPhase section */
		764504DA287FB0D30048B3F0 /* Resources */ = {
			isa = PBXResourcesBuildPhase;
			buildActionMask = 2147483647;
			files = (
				764504EC287FB0D50048B3F0 /* LaunchScreen.storyboard in Resources */,
				764504E9287FB0D50048B3F0 /* Assets.xcassets in Resources */,
				764504E7287FB0D30048B3F0 /* Main.storyboard in Resources */,
			);
			runOnlyForDeploymentPostprocessing = 0;
		};
/* End PBXResourcesBuildPhase section */

/* Begin PBXShellScriptBuildPhase section */
		76059FFF2884D25E00D66F41 /* ShellScript */ = {
			isa = PBXShellScriptBuildPhase;
			buildActionMask = 2147483647;
			files = (
			);
			inputFileListPaths = (
			);
			inputPaths = (
			);
			outputFileListPaths = (
			);
			outputPaths = (
			);
			runOnlyForDeploymentPostprocessing = 0;
			shellPath = /bin/sh;
			shellScript = "export PATH=\"$PATH:/opt/homebrew/bin\"\nif which swiftlint > /dev/null; then\n  swiftlint\nelse\n  echo \"warning: SwiftLint not installed, download from https://github.com/realm/SwiftLint\"\nfi\n";
		};
/* End PBXShellScriptBuildPhase section */

/* Begin PBXSourcesBuildPhase section */
		764504D8287FB0D30048B3F0 /* Sources */ = {
			isa = PBXSourcesBuildPhase;
			buildActionMask = 2147483647;
			files = (
				14CD04692886A0D50062AFF1 /* FriendListViewCell.swift in Sources */,
				14CD04672886A0A40062AFF1 /* FriendListViewController.swift in Sources */,
				452609A0288685AC00C12279 /* RecommendToFriendViewController.swift in Sources */,
				764504E4287FB0D30048B3F0 /* ViewController.swift in Sources */,
				7605A00B2885703F00D66F41 /* Color+Extension.swift in Sources */,
				7605A0062885383D00D66F41 /* MyPageViewController.swift in Sources */,
				37F1FA182887AC6D009FB2DA /* InputSection.swift in Sources */,
				7605A0022885381400D66F41 /* MainTabBarViewController.swift in Sources */,
				37F1FA162887ABCE009FB2DA /* RecommendFarmViewController.swift in Sources */,
				CB74DEAF288649A9004AD24E /* FarmCollectionViewCell.swift in Sources */,
				CBBAA6312887868E007E77C0 /* FruitCollectionViewCell.swift in Sources */,
				764504E0287FB0D30048B3F0 /* AppDelegate.swift in Sources */,
				7605A0252889833F00D66F41 /* EmptyButtonCollectionViewCell.swift in Sources */,
				7605A01C28878EA700D66F41 /* NSMutableAttributedString+Extension.swift in Sources */,
				7605A023288974E500D66F41 /* UIButton+Extension.swift in Sources */,
				764504E2287FB0D30048B3F0 /* SceneDelegate.swift in Sources */,
				7605A0042885383000D66F41 /* HomeViewController.swift in Sources */,
				DDF625A02886D435008E441D /* DetailViewController.swift in Sources */,
				CBBAA62F28878639007E77C0 /* FruitListView.swift in Sources */,
			);
			runOnlyForDeploymentPostprocessing = 0;
		};
/* End PBXSourcesBuildPhase section */

/* Begin PBXVariantGroup section */
		764504E5287FB0D30048B3F0 /* Main.storyboard */ = {
			isa = PBXVariantGroup;
			children = (
				764504E6287FB0D30048B3F0 /* Base */,
			);
			name = Main.storyboard;
			sourceTree = "<group>";
		};
		764504EA287FB0D50048B3F0 /* LaunchScreen.storyboard */ = {
			isa = PBXVariantGroup;
			children = (
				764504EB287FB0D50048B3F0 /* Base */,
			);
			name = LaunchScreen.storyboard;
			sourceTree = "<group>";
		};
/* End PBXVariantGroup section */

/* Begin XCBuildConfiguration section */
		764504EE287FB0D50048B3F0 /* Debug */ = {
			isa = XCBuildConfiguration;
			buildSettings = {
				ALWAYS_SEARCH_USER_PATHS = NO;
				CLANG_ANALYZER_NONNULL = YES;
				CLANG_ANALYZER_NUMBER_OBJECT_CONVERSION = YES_AGGRESSIVE;
				CLANG_CXX_LANGUAGE_STANDARD = "gnu++17";
				CLANG_ENABLE_MODULES = YES;
				CLANG_ENABLE_OBJC_ARC = YES;
				CLANG_ENABLE_OBJC_WEAK = YES;
				CLANG_WARN_BLOCK_CAPTURE_AUTORELEASING = YES;
				CLANG_WARN_BOOL_CONVERSION = YES;
				CLANG_WARN_COMMA = YES;
				CLANG_WARN_CONSTANT_CONVERSION = YES;
				CLANG_WARN_DEPRECATED_OBJC_IMPLEMENTATIONS = YES;
				CLANG_WARN_DIRECT_OBJC_ISA_USAGE = YES_ERROR;
				CLANG_WARN_DOCUMENTATION_COMMENTS = YES;
				CLANG_WARN_EMPTY_BODY = YES;
				CLANG_WARN_ENUM_CONVERSION = YES;
				CLANG_WARN_INFINITE_RECURSION = YES;
				CLANG_WARN_INT_CONVERSION = YES;
				CLANG_WARN_NON_LITERAL_NULL_CONVERSION = YES;
				CLANG_WARN_OBJC_IMPLICIT_RETAIN_SELF = YES;
				CLANG_WARN_OBJC_LITERAL_CONVERSION = YES;
				CLANG_WARN_OBJC_ROOT_CLASS = YES_ERROR;
				CLANG_WARN_QUOTED_INCLUDE_IN_FRAMEWORK_HEADER = YES;
				CLANG_WARN_RANGE_LOOP_ANALYSIS = YES;
				CLANG_WARN_STRICT_PROTOTYPES = YES;
				CLANG_WARN_SUSPICIOUS_MOVE = YES;
				CLANG_WARN_UNGUARDED_AVAILABILITY = YES_AGGRESSIVE;
				CLANG_WARN_UNREACHABLE_CODE = YES;
				CLANG_WARN__DUPLICATE_METHOD_MATCH = YES;
				COPY_PHASE_STRIP = NO;
				DEBUG_INFORMATION_FORMAT = dwarf;
				ENABLE_STRICT_OBJC_MSGSEND = YES;
				ENABLE_TESTABILITY = YES;
				GCC_C_LANGUAGE_STANDARD = gnu11;
				GCC_DYNAMIC_NO_PIC = NO;
				GCC_NO_COMMON_BLOCKS = YES;
				GCC_OPTIMIZATION_LEVEL = 0;
				GCC_PREPROCESSOR_DEFINITIONS = (
					"DEBUG=1",
					"$(inherited)",
				);
				GCC_WARN_64_TO_32_BIT_CONVERSION = YES;
				GCC_WARN_ABOUT_RETURN_TYPE = YES_ERROR;
				GCC_WARN_UNDECLARED_SELECTOR = YES;
				GCC_WARN_UNINITIALIZED_AUTOS = YES_AGGRESSIVE;
				GCC_WARN_UNUSED_FUNCTION = YES;
				GCC_WARN_UNUSED_VARIABLE = YES;
				IPHONEOS_DEPLOYMENT_TARGET = 15.0;
				MTL_ENABLE_DEBUG_INFO = INCLUDE_SOURCE;
				MTL_FAST_MATH = YES;
				ONLY_ACTIVE_ARCH = YES;
				SDKROOT = iphoneos;
				SWIFT_ACTIVE_COMPILATION_CONDITIONS = DEBUG;
				SWIFT_OPTIMIZATION_LEVEL = "-Onone";
			};
			name = Debug;
		};
		764504EF287FB0D50048B3F0 /* Release */ = {
			isa = XCBuildConfiguration;
			buildSettings = {
				ALWAYS_SEARCH_USER_PATHS = NO;
				CLANG_ANALYZER_NONNULL = YES;
				CLANG_ANALYZER_NUMBER_OBJECT_CONVERSION = YES_AGGRESSIVE;
				CLANG_CXX_LANGUAGE_STANDARD = "gnu++17";
				CLANG_ENABLE_MODULES = YES;
				CLANG_ENABLE_OBJC_ARC = YES;
				CLANG_ENABLE_OBJC_WEAK = YES;
				CLANG_WARN_BLOCK_CAPTURE_AUTORELEASING = YES;
				CLANG_WARN_BOOL_CONVERSION = YES;
				CLANG_WARN_COMMA = YES;
				CLANG_WARN_CONSTANT_CONVERSION = YES;
				CLANG_WARN_DEPRECATED_OBJC_IMPLEMENTATIONS = YES;
				CLANG_WARN_DIRECT_OBJC_ISA_USAGE = YES_ERROR;
				CLANG_WARN_DOCUMENTATION_COMMENTS = YES;
				CLANG_WARN_EMPTY_BODY = YES;
				CLANG_WARN_ENUM_CONVERSION = YES;
				CLANG_WARN_INFINITE_RECURSION = YES;
				CLANG_WARN_INT_CONVERSION = YES;
				CLANG_WARN_NON_LITERAL_NULL_CONVERSION = YES;
				CLANG_WARN_OBJC_IMPLICIT_RETAIN_SELF = YES;
				CLANG_WARN_OBJC_LITERAL_CONVERSION = YES;
				CLANG_WARN_OBJC_ROOT_CLASS = YES_ERROR;
				CLANG_WARN_QUOTED_INCLUDE_IN_FRAMEWORK_HEADER = YES;
				CLANG_WARN_RANGE_LOOP_ANALYSIS = YES;
				CLANG_WARN_STRICT_PROTOTYPES = YES;
				CLANG_WARN_SUSPICIOUS_MOVE = YES;
				CLANG_WARN_UNGUARDED_AVAILABILITY = YES_AGGRESSIVE;
				CLANG_WARN_UNREACHABLE_CODE = YES;
				CLANG_WARN__DUPLICATE_METHOD_MATCH = YES;
				COPY_PHASE_STRIP = NO;
				DEBUG_INFORMATION_FORMAT = "dwarf-with-dsym";
				ENABLE_NS_ASSERTIONS = NO;
				ENABLE_STRICT_OBJC_MSGSEND = YES;
				GCC_C_LANGUAGE_STANDARD = gnu11;
				GCC_NO_COMMON_BLOCKS = YES;
				GCC_WARN_64_TO_32_BIT_CONVERSION = YES;
				GCC_WARN_ABOUT_RETURN_TYPE = YES_ERROR;
				GCC_WARN_UNDECLARED_SELECTOR = YES;
				GCC_WARN_UNINITIALIZED_AUTOS = YES_AGGRESSIVE;
				GCC_WARN_UNUSED_FUNCTION = YES;
				GCC_WARN_UNUSED_VARIABLE = YES;
				IPHONEOS_DEPLOYMENT_TARGET = 15.0;
				MTL_ENABLE_DEBUG_INFO = NO;
				MTL_FAST_MATH = YES;
				SDKROOT = iphoneos;
				SWIFT_COMPILATION_MODE = wholemodule;
				SWIFT_OPTIMIZATION_LEVEL = "-O";
				VALIDATE_PRODUCT = YES;
			};
			name = Release;
		};
		764504F1287FB0D50048B3F0 /* Debug */ = {
			isa = XCBuildConfiguration;
			buildSettings = {
				ASSETCATALOG_COMPILER_APPICON_NAME = AppIcon;
				ASSETCATALOG_COMPILER_GLOBAL_ACCENT_COLOR_NAME = AccentColor;
				CODE_SIGN_STYLE = Automatic;
				CURRENT_PROJECT_VERSION = 1;
				DEVELOPMENT_TEAM = UXVK9G3AX9;
				GENERATE_INFOPLIST_FILE = YES;
				INFOPLIST_FILE = Gwayeon/Info.plist;
				INFOPLIST_KEY_UIApplicationSupportsIndirectInputEvents = YES;
				INFOPLIST_KEY_UILaunchStoryboardName = LaunchScreen;
				INFOPLIST_KEY_UIMainStoryboardFile = Main;
				INFOPLIST_KEY_UISupportedInterfaceOrientations_iPad = "UIInterfaceOrientationPortrait UIInterfaceOrientationPortraitUpsideDown UIInterfaceOrientationLandscapeLeft UIInterfaceOrientationLandscapeRight";
				INFOPLIST_KEY_UISupportedInterfaceOrientations_iPhone = "UIInterfaceOrientationPortrait UIInterfaceOrientationLandscapeLeft UIInterfaceOrientationLandscapeRight";
				LD_RUNPATH_SEARCH_PATHS = (
					"$(inherited)",
					"@executable_path/Frameworks",
				);
				MARKETING_VERSION = 1.0;
				PRODUCT_BUNDLE_IDENTIFIER = NealAndBori.Gwayeon;
				PRODUCT_NAME = "$(TARGET_NAME)";
				SWIFT_EMIT_LOC_STRINGS = YES;
				SWIFT_VERSION = 5.0;
				TARGETED_DEVICE_FAMILY = "1,2";
			};
			name = Debug;
		};
		764504F2287FB0D50048B3F0 /* Release */ = {
			isa = XCBuildConfiguration;
			buildSettings = {
				ASSETCATALOG_COMPILER_APPICON_NAME = AppIcon;
				ASSETCATALOG_COMPILER_GLOBAL_ACCENT_COLOR_NAME = AccentColor;
				CODE_SIGN_STYLE = Automatic;
				CURRENT_PROJECT_VERSION = 1;
				DEVELOPMENT_TEAM = UXVK9G3AX9;
				GENERATE_INFOPLIST_FILE = YES;
				INFOPLIST_FILE = Gwayeon/Info.plist;
				INFOPLIST_KEY_UIApplicationSupportsIndirectInputEvents = YES;
				INFOPLIST_KEY_UILaunchStoryboardName = LaunchScreen;
				INFOPLIST_KEY_UIMainStoryboardFile = Main;
				INFOPLIST_KEY_UISupportedInterfaceOrientations_iPad = "UIInterfaceOrientationPortrait UIInterfaceOrientationPortraitUpsideDown UIInterfaceOrientationLandscapeLeft UIInterfaceOrientationLandscapeRight";
				INFOPLIST_KEY_UISupportedInterfaceOrientations_iPhone = "UIInterfaceOrientationPortrait UIInterfaceOrientationLandscapeLeft UIInterfaceOrientationLandscapeRight";
				LD_RUNPATH_SEARCH_PATHS = (
					"$(inherited)",
					"@executable_path/Frameworks",
				);
				MARKETING_VERSION = 1.0;
				PRODUCT_BUNDLE_IDENTIFIER = NealAndBori.Gwayeon;
				PRODUCT_NAME = "$(TARGET_NAME)";
				SWIFT_EMIT_LOC_STRINGS = YES;
				SWIFT_VERSION = 5.0;
				TARGETED_DEVICE_FAMILY = "1,2";
			};
			name = Release;
		};
/* End XCBuildConfiguration section */

/* Begin XCConfigurationList section */
		764504D7287FB0D30048B3F0 /* Build configuration list for PBXProject "Gwayeon" */ = {
			isa = XCConfigurationList;
			buildConfigurations = (
				764504EE287FB0D50048B3F0 /* Debug */,
				764504EF287FB0D50048B3F0 /* Release */,
			);
			defaultConfigurationIsVisible = 0;
			defaultConfigurationName = Release;
		};
		764504F0287FB0D50048B3F0 /* Build configuration list for PBXNativeTarget "Gwayeon" */ = {
			isa = XCConfigurationList;
			buildConfigurations = (
				764504F1287FB0D50048B3F0 /* Debug */,
				764504F2287FB0D50048B3F0 /* Release */,
			);
			defaultConfigurationIsVisible = 0;
			defaultConfigurationName = Release;
		};
/* End XCConfigurationList section */
	};
	rootObject = 764504D4287FB0D30048B3F0 /* Project object */;
}
